
Microsoft Visual Studio Solution File, Format Version 12.00
# Visual Studio 15
VisualStudioVersion = 15.0.27428.2027
MinimumVisualStudioVersion = 10.0.40219.1
Project("{FAE04EC0-301F-11D3-BF4B-00C04F79EFBC}") = "Property_Community", "Property Community\Property_Community.csproj", "{5ECC0A41-2DBE-4437-9E5F-3F5B06611880}"
EndProject
Global
	GlobalSection(SolutionConfigurationPlatforms) = preSolution
		Debug|Any CPU = Debug|Any CPU
		Release|Any CPU = Release|Any CPU
	EndGlobalSection
	GlobalSection(ProjectConfigurationPlatforms) = postSolution
		{5ECC0A41-2DBE-4437-9E5F-3F5B06611880}.Debug|Any CPU.ActiveCfg = Debug|Any CPU
		{5ECC0A41-2DBE-4437-9E5F-3F5B06611880}.Debug|Any CPU.Build.0 = Debug|Any CPU
		{5ECC0A41-2DBE-4437-9E5F-3F5B06611880}.Release|Any CPU.ActiveCfg = Release|Any CPU
		{5ECC0A41-2DBE-4437-9E5F-3F5B06611880}.Release|Any CPU.Build.0 = Release|Any CPU
	EndGlobalSection
	GlobalSection(SolutionProperties) = preSolution
		HideSolutionNode = FALSE
	EndGlobalSection
	GlobalSection(ExtensibilityGlobals) = postSolution
		SolutionGuid = {4811A929-B953-46BC-9FD1-F8AD7CCD3865}
	EndGlobalSection
EndGlobal
